
Microsoft Visual Studio Solution File, Format Version 11.00
# Visual Studio 2010
Project("{FAE04EC0-301F-11D3-BF4B-00C04F79EFBC}") = "DocumentGenerator", "DocumentGenerator\DocumentGenerator.csproj", "{3A40B0AE-7A01-4A36-9843-A66285D4B5FB}"
EndProject
Global
	GlobalSection(SolutionConfigurationPlatforms) = preSolution
		Debug|Any CPU = Debug|Any CPU
		Debug|x86 = Debug|x86
		Release|Any CPU = Release|Any CPU
		Release|x86 = Release|x86
	EndGlobalSection
	GlobalSection(ProjectConfigurationPlatforms) = postSolution
		{3A40B0AE-7A01-4A36-9843-A66285D4B5FB}.Debug|Any CPU.ActiveCfg = Debug|Any CPU
		{3A40B0AE-7A01-4A36-9843-A66285D4B5FB}.Debug|Any CPU.Build.0 = Debug|Any CPU
		{3A40B0AE-7A01-4A36-9843-A66285D4B5FB}.Debug|x86.ActiveCfg = Debug|x86
		{3A40B0AE-7A01-4A36-9843-A66285D4B5FB}.Debug|x86.Build.0 = Debug|x86
		{3A40B0AE-7A01-4A36-9843-A66285D4B5FB}.Release|Any CPU.ActiveCfg = Release|Any CPU
		{3A40B0AE-7A01-4A36-9843-A66285D4B5FB}.Release|Any CPU.Build.0 = Release|Any CPU
		{3A40B0AE-7A01-4A36-9843-A66285D4B5FB}.Release|x86.ActiveCfg = Release|x86
		{3A40B0AE-7A01-4A36-9843-A66285D4B5FB}.Release|x86.Build.0 = Release|x86
	EndGlobalSection
	GlobalSection(SolutionProperties) = preSolution
		HideSolutionNode = FALSE
	EndGlobalSection
EndGlobal
